
Microsoft Visual Studio Solution File, Format Version 12.00
# Visual Studio Version 17
VisualStudioVersion = 17.5.33530.505
MinimumVisualStudioVersion = 10.0.40219.1
Project("{FAE04EC0-301F-11D3-BF4B-00C04F79EFBC}") = "ucGraphDrawer", "ucGraphDrawer.csproj", "{A259BC6E-377E-4A6E-BDF5-AC301A1AD475}"
EndProject
Global
	GlobalSection(SolutionConfigurationPlatforms) = preSolution
		Debug|Any CPU = Debug|Any CPU
		Release|Any CPU = Release|Any CPU
	EndGlobalSection
	GlobalSection(ProjectConfigurationPlatforms) = postSolution
		{A259BC6E-377E-4A6E-BDF5-AC301A1AD475}.Debug|Any CPU.ActiveCfg = Debug|Any CPU
		{A259BC6E-377E-4A6E-BDF5-AC301A1AD475}.Debug|Any CPU.Build.0 = Debug|Any CPU
		{A259BC6E-377E-4A6E-BDF5-AC301A1AD475}.Release|Any CPU.ActiveCfg = Release|Any CPU
		{A259BC6E-377E-4A6E-BDF5-AC301A1AD475}.Release|Any CPU.Build.0 = Release|Any CPU
	EndGlobalSection
	GlobalSection(SolutionProperties) = preSolution
		HideSolutionNode = FALSE
	EndGlobalSection
	GlobalSection(ExtensibilityGlobals) = postSolution
		SolutionGuid = {7A6B9F3B-D24C-4EDE-A8C8-AB909D51C9BF}
	EndGlobalSection
EndGlobal
